{
  "name": "nativeDirectory",
  "version": "0.0.1",
  "lockfileVersion": 1,
  "requires": true,
  "dependencies": {
    "react-native-slideshow": {
      "version": "1.0.1",
      "resolved": "https://registry.npmjs.org/react-native-slideshow/-/react-native-slideshow-1.0.1.tgz",
      "integrity": "sha1-Hqxr1dE2KqxSuKLzPz68H4jalAI="
    }
  }
}
